
Microsoft Visual Studio Solution File, Format Version 12.00
# Visual Studio Version 17
VisualStudioVersion = 17.0.31903.59
MinimumVisualStudioVersion = 10.0.40219.1
Project("{2150E333-8FDC-42A3-9474-1A3956D46DE8}") = "src", "src", "{C3FE6A54-0C96-4878-BB32-C9BC505F0A6C}"
EndProject
Project("{FAE04EC0-301F-11D3-BF4B-00C04F79EFBC}") = "CriarContato.API", "src\CriarContato.API\CriarContato.API.csproj", "{BA1E33C4-253F-4A7A-86A1-3F3CF5ABC4C3}"
EndProject
Project("{FAE04EC0-301F-11D3-BF4B-00C04F79EFBC}") = "CriarContato.Application", "src\CriarContato.Application\CriarContato.Application.csproj", "{D92C4495-F828-47E7-9F17-D1C9794217BF}"
EndProject
Project("{FAE04EC0-301F-11D3-BF4B-00C04F79EFBC}") = "CriarContato.Domain", "src\CriarContato.Domain\CriarContato.Domain.csproj", "{77A808E2-3A6A-46F5-BE83-136D8C127E7F}"
EndProject
Project("{FAE04EC0-301F-11D3-BF4B-00C04F79EFBC}") = "CriarContato.Infrastructure", "src\CriarContato.Infrastructure\CriarContato.Infrastructure.csproj", "{2109BAA6-E457-41C7-B2E0-9B0FC8762FED}"
EndProject
Global
	GlobalSection(SolutionConfigurationPlatforms) = preSolution
		Debug|Any CPU = Debug|Any CPU
		Release|Any CPU = Release|Any CPU
	EndGlobalSection
	GlobalSection(SolutionProperties) = preSolution
		HideSolutionNode = FALSE
	EndGlobalSection
	GlobalSection(ProjectConfigurationPlatforms) = postSolution
		{BA1E33C4-253F-4A7A-86A1-3F3CF5ABC4C3}.Debug|Any CPU.ActiveCfg = Debug|Any CPU
		{BA1E33C4-253F-4A7A-86A1-3F3CF5ABC4C3}.Debug|Any CPU.Build.0 = Debug|Any CPU
		{BA1E33C4-253F-4A7A-86A1-3F3CF5ABC4C3}.Release|Any CPU.ActiveCfg = Release|Any CPU
		{BA1E33C4-253F-4A7A-86A1-3F3CF5ABC4C3}.Release|Any CPU.Build.0 = Release|Any CPU
		{D92C4495-F828-47E7-9F17-D1C9794217BF}.Debug|Any CPU.ActiveCfg = Debug|Any CPU
		{D92C4495-F828-47E7-9F17-D1C9794217BF}.Debug|Any CPU.Build.0 = Debug|Any CPU
		{D92C4495-F828-47E7-9F17-D1C9794217BF}.Release|Any CPU.ActiveCfg = Release|Any CPU
		{D92C4495-F828-47E7-9F17-D1C9794217BF}.Release|Any CPU.Build.0 = Release|Any CPU
		{77A808E2-3A6A-46F5-BE83-136D8C127E7F}.Debug|Any CPU.ActiveCfg = Debug|Any CPU
		{77A808E2-3A6A-46F5-BE83-136D8C127E7F}.Debug|Any CPU.Build.0 = Debug|Any CPU
		{77A808E2-3A6A-46F5-BE83-136D8C127E7F}.Release|Any CPU.ActiveCfg = Release|Any CPU
		{77A808E2-3A6A-46F5-BE83-136D8C127E7F}.Release|Any CPU.Build.0 = Release|Any CPU
		{2109BAA6-E457-41C7-B2E0-9B0FC8762FED}.Debug|Any CPU.ActiveCfg = Debug|Any CPU
		{2109BAA6-E457-41C7-B2E0-9B0FC8762FED}.Debug|Any CPU.Build.0 = Debug|Any CPU
		{2109BAA6-E457-41C7-B2E0-9B0FC8762FED}.Release|Any CPU.ActiveCfg = Release|Any CPU
		{2109BAA6-E457-41C7-B2E0-9B0FC8762FED}.Release|Any CPU.Build.0 = Release|Any CPU
	EndGlobalSection
	GlobalSection(NestedProjects) = preSolution
		{BA1E33C4-253F-4A7A-86A1-3F3CF5ABC4C3} = {C3FE6A54-0C96-4878-BB32-C9BC505F0A6C}
		{D92C4495-F828-47E7-9F17-D1C9794217BF} = {C3FE6A54-0C96-4878-BB32-C9BC505F0A6C}
		{77A808E2-3A6A-46F5-BE83-136D8C127E7F} = {C3FE6A54-0C96-4878-BB32-C9BC505F0A6C}
		{2109BAA6-E457-41C7-B2E0-9B0FC8762FED} = {C3FE6A54-0C96-4878-BB32-C9BC505F0A6C}
	EndGlobalSection
EndGlobal
